
Microsoft Visual Studio Solution File, Format Version 12.00
# Visual Studio Version 16
VisualStudioVersion = 16.0.29920.165
MinimumVisualStudioVersion = 10.0.40219.1
Project("{FAE04EC0-301F-11D3-BF4B-00C04F79EFBC}") = "HotelReservations", "HotelReservations\HotelReservations.csproj", "{7709CBD0-AADD-414A-AFEF-EC54A704C6A8}"
EndProject
Project("{FAE04EC0-301F-11D3-BF4B-00C04F79EFBC}") = "UnitTest", "UnitTest\UnitTest.csproj", "{233589D9-1CCC-4791-B7D8-E9DB80B94C21}"
EndProject
Global
	GlobalSection(SolutionConfigurationPlatforms) = preSolution
		Debug|Any CPU = Debug|Any CPU
		Release|Any CPU = Release|Any CPU
	EndGlobalSection
	GlobalSection(ProjectConfigurationPlatforms) = postSolution
		{7709CBD0-AADD-414A-AFEF-EC54A704C6A8}.Debug|Any CPU.ActiveCfg = Debug|Any CPU
		{7709CBD0-AADD-414A-AFEF-EC54A704C6A8}.Debug|Any CPU.Build.0 = Debug|Any CPU
		{7709CBD0-AADD-414A-AFEF-EC54A704C6A8}.Release|Any CPU.ActiveCfg = Release|Any CPU
		{7709CBD0-AADD-414A-AFEF-EC54A704C6A8}.Release|Any CPU.Build.0 = Release|Any CPU
		{233589D9-1CCC-4791-B7D8-E9DB80B94C21}.Debug|Any CPU.ActiveCfg = Debug|Any CPU
		{233589D9-1CCC-4791-B7D8-E9DB80B94C21}.Debug|Any CPU.Build.0 = Debug|Any CPU
		{233589D9-1CCC-4791-B7D8-E9DB80B94C21}.Release|Any CPU.ActiveCfg = Release|Any CPU
		{233589D9-1CCC-4791-B7D8-E9DB80B94C21}.Release|Any CPU.Build.0 = Release|Any CPU
	EndGlobalSection
	GlobalSection(SolutionProperties) = preSolution
		HideSolutionNode = FALSE
	EndGlobalSection
	GlobalSection(ExtensibilityGlobals) = postSolution
		SolutionGuid = {0C5B8497-9B5F-425D-BCB9-22822CBC3A11}
	EndGlobalSection
EndGlobal
